
Microsoft Visual Studio Solution File, Format Version 12.00
# Visual Studio Version 17
VisualStudioVersion = 17.5.33627.172
MinimumVisualStudioVersion = 10.0.40219.1
Project("{2150E333-8FDC-42A3-9474-1A3956D46DE8}") = "Services", "Services", "{DBEC5B9F-E438-40B1-89B8-4DA065DFD7E5}"
EndProject
Project("{2150E333-8FDC-42A3-9474-1A3956D46DE8}") = "Catalog", "Catalog", "{171B41FE-B22E-4EC0-9B53-ED86256A7250}"
EndProject
Project("{9A19103F-16F7-4668-BE54-9A1E7A4F7556}") = "Catalog.Api", "Services\Catalog\Catalog.Api\Catalog.Api.csproj", "{ECD77081-D888-40EC-B333-12E405CC4CA8}"
EndProject
Project("{E53339B2-1760-4266-BCC7-CA923CBCF16C}") = "docker-compose", "docker-compose.dcproj", "{ADE97EAC-9EAF-41F8-AFAA-260493CA1406}"
EndProject
Project("{2150E333-8FDC-42A3-9474-1A3956D46DE8}") = "Basket", "Basket", "{C7B8B3FA-7AB6-4001-AAB2-6F660777690D}"
EndProject
Project("{9A19103F-16F7-4668-BE54-9A1E7A4F7556}") = "Basket.Api", "Services\Basket\Basket.Api\Basket.Api.csproj", "{4B9D56BA-0815-4C6C-8F3A-1DEDDFFEECAE}"
EndProject
Project("{2150E333-8FDC-42A3-9474-1A3956D46DE8}") = "Discount", "Discount", "{08FC5215-176D-4560-AADA-142BD42E6555}"
EndProject
Project("{9A19103F-16F7-4668-BE54-9A1E7A4F7556}") = "Discount.Api", "Services\Discount\Discount.Api\Discount.Api.csproj", "{45912A0C-E6FB-4DAA-AD44-4C7E76492FE8}"
EndProject
Project("{9A19103F-16F7-4668-BE54-9A1E7A4F7556}") = "Discount.Grpc", "Services\Discount\Discount.Grpc\Discount.Grpc.csproj", "{9BD62363-9410-4A58-897B-4EC79BECB5B5}"
EndProject
Project("{2150E333-8FDC-42A3-9474-1A3956D46DE8}") = "Ordering", "Ordering", "{A47E1A0A-8EBA-4A0F-B5A6-C68BED063B07}"
EndProject
Project("{9A19103F-16F7-4668-BE54-9A1E7A4F7556}") = "Ordering.Api", "Services\Ordering\Ordering.Api\Ordering.Api.csproj", "{FE4350A2-EF20-4AE6-9358-D33B09E55368}"
EndProject
Project("{9A19103F-16F7-4668-BE54-9A1E7A4F7556}") = "Ordering.Domain", "Services\Ordering\Ordering.Domain\Ordering.Domain.csproj", "{360278A6-22BD-4EEF-9AFA-78A9BE30168F}"
EndProject
Project("{9A19103F-16F7-4668-BE54-9A1E7A4F7556}") = "Ordering.Application", "Services\Ordering\Ordering.Application\Ordering.Application.csproj", "{3717C41D-1C36-4DAF-A938-F9E7AC5974CF}"
EndProject
Project("{9A19103F-16F7-4668-BE54-9A1E7A4F7556}") = "Ordering.Infrastructure", "Services\Ordering\Ordering.Infrastructure\Ordering.Infrastructure.csproj", "{F886370B-F7EA-4FC5-8511-504B5E95BFA7}"
EndProject
Project("{2150E333-8FDC-42A3-9474-1A3956D46DE8}") = "BuildingBlocks", "BuildingBlocks", "{359B86E1-25C4-40A2-91CC-267C3ABF807F}"
EndProject
Project("{9A19103F-16F7-4668-BE54-9A1E7A4F7556}") = "EventBus.Messages", "BuildingBlocks\EventBus.Messages\EventBus.Messages.csproj", "{9B99DB5B-C12B-4BDA-B6F8-079BFF377165}"
EndProject
Global
	GlobalSection(SolutionConfigurationPlatforms) = preSolution
		Debug|Any CPU = Debug|Any CPU
		Release|Any CPU = Release|Any CPU
	EndGlobalSection
	GlobalSection(ProjectConfigurationPlatforms) = postSolution
		{ECD77081-D888-40EC-B333-12E405CC4CA8}.Debug|Any CPU.ActiveCfg = Debug|Any CPU
		{ECD77081-D888-40EC-B333-12E405CC4CA8}.Debug|Any CPU.Build.0 = Debug|Any CPU
		{ECD77081-D888-40EC-B333-12E405CC4CA8}.Release|Any CPU.ActiveCfg = Release|Any CPU
		{ECD77081-D888-40EC-B333-12E405CC4CA8}.Release|Any CPU.Build.0 = Release|Any CPU
		{ADE97EAC-9EAF-41F8-AFAA-260493CA1406}.Debug|Any CPU.ActiveCfg = Debug|Any CPU
		{ADE97EAC-9EAF-41F8-AFAA-260493CA1406}.Debug|Any CPU.Build.0 = Debug|Any CPU
		{ADE97EAC-9EAF-41F8-AFAA-260493CA1406}.Release|Any CPU.ActiveCfg = Release|Any CPU
		{ADE97EAC-9EAF-41F8-AFAA-260493CA1406}.Release|Any CPU.Build.0 = Release|Any CPU
		{4B9D56BA-0815-4C6C-8F3A-1DEDDFFEECAE}.Debug|Any CPU.ActiveCfg = Debug|Any CPU
		{4B9D56BA-0815-4C6C-8F3A-1DEDDFFEECAE}.Debug|Any CPU.Build.0 = Debug|Any CPU
		{4B9D56BA-0815-4C6C-8F3A-1DEDDFFEECAE}.Release|Any CPU.ActiveCfg = Release|Any CPU
		{4B9D56BA-0815-4C6C-8F3A-1DEDDFFEECAE}.Release|Any CPU.Build.0 = Release|Any CPU
		{45912A0C-E6FB-4DAA-AD44-4C7E76492FE8}.Debug|Any CPU.ActiveCfg = Debug|Any CPU
		{45912A0C-E6FB-4DAA-AD44-4C7E76492FE8}.Debug|Any CPU.Build.0 = Debug|Any CPU
		{45912A0C-E6FB-4DAA-AD44-4C7E76492FE8}.Release|Any CPU.ActiveCfg = Release|Any CPU
		{45912A0C-E6FB-4DAA-AD44-4C7E76492FE8}.Release|Any CPU.Build.0 = Release|Any CPU
		{9BD62363-9410-4A58-897B-4EC79BECB5B5}.Debug|Any CPU.ActiveCfg = Debug|Any CPU
		{9BD62363-9410-4A58-897B-4EC79BECB5B5}.Debug|Any CPU.Build.0 = Debug|Any CPU
		{9BD62363-9410-4A58-897B-4EC79BECB5B5}.Release|Any CPU.ActiveCfg = Release|Any CPU
		{9BD62363-9410-4A58-897B-4EC79BECB5B5}.Release|Any CPU.Build.0 = Release|Any CPU
		{FE4350A2-EF20-4AE6-9358-D33B09E55368}.Debug|Any CPU.ActiveCfg = Debug|Any CPU
		{FE4350A2-EF20-4AE6-9358-D33B09E55368}.Debug|Any CPU.Build.0 = Debug|Any CPU
		{FE4350A2-EF20-4AE6-9358-D33B09E55368}.Release|Any CPU.ActiveCfg = Release|Any CPU
		{FE4350A2-EF20-4AE6-9358-D33B09E55368}.Release|Any CPU.Build.0 = Release|Any CPU
		{360278A6-22BD-4EEF-9AFA-78A9BE30168F}.Debug|Any CPU.ActiveCfg = Debug|Any CPU
		{360278A6-22BD-4EEF-9AFA-78A9BE30168F}.Debug|Any CPU.Build.0 = Debug|Any CPU
		{360278A6-22BD-4EEF-9AFA-78A9BE30168F}.Release|Any CPU.ActiveCfg = Release|Any CPU
		{360278A6-22BD-4EEF-9AFA-78A9BE30168F}.Release|Any CPU.Build.0 = Release|Any CPU
		{3717C41D-1C36-4DAF-A938-F9E7AC5974CF}.Debug|Any CPU.ActiveCfg = Debug|Any CPU
		{3717C41D-1C36-4DAF-A938-F9E7AC5974CF}.Debug|Any CPU.Build.0 = Debug|Any CPU
		{3717C41D-1C36-4DAF-A938-F9E7AC5974CF}.Release|Any CPU.ActiveCfg = Release|Any CPU
		{3717C41D-1C36-4DAF-A938-F9E7AC5974CF}.Release|Any CPU.Build.0 = Release|Any CPU
		{F886370B-F7EA-4FC5-8511-504B5E95BFA7}.Debug|Any CPU.ActiveCfg = Debug|Any CPU
		{F886370B-F7EA-4FC5-8511-504B5E95BFA7}.Debug|Any CPU.Build.0 = Debug|Any CPU
		{F886370B-F7EA-4FC5-8511-504B5E95BFA7}.Release|Any CPU.ActiveCfg = Release|Any CPU
		{F886370B-F7EA-4FC5-8511-504B5E95BFA7}.Release|Any CPU.Build.0 = Release|Any CPU
		{9B99DB5B-C12B-4BDA-B6F8-079BFF377165}.Debug|Any CPU.ActiveCfg = Debug|Any CPU
		{9B99DB5B-C12B-4BDA-B6F8-079BFF377165}.Debug|Any CPU.Build.0 = Debug|Any CPU
		{9B99DB5B-C12B-4BDA-B6F8-079BFF377165}.Release|Any CPU.ActiveCfg = Release|Any CPU
		{9B99DB5B-C12B-4BDA-B6F8-079BFF377165}.Release|Any CPU.Build.0 = Release|Any CPU
	EndGlobalSection
	GlobalSection(SolutionProperties) = preSolution
		HideSolutionNode = FALSE
	EndGlobalSection
	GlobalSection(NestedProjects) = preSolution
		{171B41FE-B22E-4EC0-9B53-ED86256A7250} = {DBEC5B9F-E438-40B1-89B8-4DA065DFD7E5}
		{ECD77081-D888-40EC-B333-12E405CC4CA8} = {171B41FE-B22E-4EC0-9B53-ED86256A7250}
		{C7B8B3FA-7AB6-4001-AAB2-6F660777690D} = {DBEC5B9F-E438-40B1-89B8-4DA065DFD7E5}
		{4B9D56BA-0815-4C6C-8F3A-1DEDDFFEECAE} = {C7B8B3FA-7AB6-4001-AAB2-6F660777690D}
		{08FC5215-176D-4560-AADA-142BD42E6555} = {DBEC5B9F-E438-40B1-89B8-4DA065DFD7E5}
		{45912A0C-E6FB-4DAA-AD44-4C7E76492FE8} = {08FC5215-176D-4560-AADA-142BD42E6555}
		{9BD62363-9410-4A58-897B-4EC79BECB5B5} = {08FC5215-176D-4560-AADA-142BD42E6555}
		{A47E1A0A-8EBA-4A0F-B5A6-C68BED063B07} = {DBEC5B9F-E438-40B1-89B8-4DA065DFD7E5}
		{FE4350A2-EF20-4AE6-9358-D33B09E55368} = {A47E1A0A-8EBA-4A0F-B5A6-C68BED063B07}
		{360278A6-22BD-4EEF-9AFA-78A9BE30168F} = {A47E1A0A-8EBA-4A0F-B5A6-C68BED063B07}
		{3717C41D-1C36-4DAF-A938-F9E7AC5974CF} = {A47E1A0A-8EBA-4A0F-B5A6-C68BED063B07}
		{F886370B-F7EA-4FC5-8511-504B5E95BFA7} = {A47E1A0A-8EBA-4A0F-B5A6-C68BED063B07}
		{9B99DB5B-C12B-4BDA-B6F8-079BFF377165} = {359B86E1-25C4-40A2-91CC-267C3ABF807F}
	EndGlobalSection
	GlobalSection(ExtensibilityGlobals) = postSolution
		SolutionGuid = {7803BA24-4428-4D76-8E7B-93D8241A5827}
	EndGlobalSection
EndGlobal
